
Microsoft Visual Studio Solution File, Format Version 12.00
# Visual Studio Version 16
VisualStudioVersion = 16.0.30517.126
MinimumVisualStudioVersion = 10.0.40219.1
Project("{9A19103F-16F7-4668-BE54-9A1E7A4F7556}") = "CentricaTestClient.Domain", "CentricaTestClient.Domain\CentricaTestClient.Domain.csproj", "{CA88C2AE-C8AB-4F93-A5CE-DAC0F7835D77}"
EndProject
Project("{9A19103F-16F7-4668-BE54-9A1E7A4F7556}") = "CentricaTestClient.WPF", "CentricaTestClient.WPF\CentricaTestClient.WPF.csproj", "{F370917D-FE73-4735-B2BC-6E61001ABA3E}"
EndProject
Project("{9A19103F-16F7-4668-BE54-9A1E7A4F7556}") = "CentricaTestClient.CentricaTestAPI", "CentricaTestClient.CentricaTestAPI\CentricaTestClient.CentricaTestAPI.csproj", "{3F40209C-75CC-4107-A56D-80B58277684C}"
EndProject
Global
	GlobalSection(SolutionConfigurationPlatforms) = preSolution
		Debug|Any CPU = Debug|Any CPU
		Release|Any CPU = Release|Any CPU
	EndGlobalSection
	GlobalSection(ProjectConfigurationPlatforms) = postSolution
		{CA88C2AE-C8AB-4F93-A5CE-DAC0F7835D77}.Debug|Any CPU.ActiveCfg = Debug|Any CPU
		{CA88C2AE-C8AB-4F93-A5CE-DAC0F7835D77}.Debug|Any CPU.Build.0 = Debug|Any CPU
		{CA88C2AE-C8AB-4F93-A5CE-DAC0F7835D77}.Release|Any CPU.ActiveCfg = Release|Any CPU
		{CA88C2AE-C8AB-4F93-A5CE-DAC0F7835D77}.Release|Any CPU.Build.0 = Release|Any CPU
		{F370917D-FE73-4735-B2BC-6E61001ABA3E}.Debug|Any CPU.ActiveCfg = Debug|Any CPU
		{F370917D-FE73-4735-B2BC-6E61001ABA3E}.Debug|Any CPU.Build.0 = Debug|Any CPU
		{F370917D-FE73-4735-B2BC-6E61001ABA3E}.Release|Any CPU.ActiveCfg = Release|Any CPU
		{F370917D-FE73-4735-B2BC-6E61001ABA3E}.Release|Any CPU.Build.0 = Release|Any CPU
		{3F40209C-75CC-4107-A56D-80B58277684C}.Debug|Any CPU.ActiveCfg = Debug|Any CPU
		{3F40209C-75CC-4107-A56D-80B58277684C}.Debug|Any CPU.Build.0 = Debug|Any CPU
		{3F40209C-75CC-4107-A56D-80B58277684C}.Release|Any CPU.ActiveCfg = Release|Any CPU
		{3F40209C-75CC-4107-A56D-80B58277684C}.Release|Any CPU.Build.0 = Release|Any CPU
	EndGlobalSection
	GlobalSection(SolutionProperties) = preSolution
		HideSolutionNode = FALSE
	EndGlobalSection
	GlobalSection(ExtensibilityGlobals) = postSolution
		SolutionGuid = {C751119F-FFB8-48B7-B7FF-93FBB65E23A6}
	EndGlobalSection
EndGlobal
